
Microsoft Visual Studio Solution File, Format Version 12.00
# Visual Studio Version 17
VisualStudioVersion = 17.11.35431.28
MinimumVisualStudioVersion = 10.0.40219.1
Project("{FAE04EC0-301F-11D3-BF4B-00C04F79EFBC}") = "SistemaDeLogin", "SistemaDeLogin.csproj", "{199FD2C1-FA09-4A79-9EA0-DDFF92DE57CF}"
EndProject
Global
	GlobalSection(SolutionConfigurationPlatforms) = preSolution
		Debug|Any CPU = Debug|Any CPU
		Release|Any CPU = Release|Any CPU
	EndGlobalSection
	GlobalSection(ProjectConfigurationPlatforms) = postSolution
		{199FD2C1-FA09-4A79-9EA0-DDFF92DE57CF}.Debug|Any CPU.ActiveCfg = Debug|Any CPU
		{199FD2C1-FA09-4A79-9EA0-DDFF92DE57CF}.Debug|Any CPU.Build.0 = Debug|Any CPU
		{199FD2C1-FA09-4A79-9EA0-DDFF92DE57CF}.Release|Any CPU.ActiveCfg = Release|Any CPU
		{199FD2C1-FA09-4A79-9EA0-DDFF92DE57CF}.Release|Any CPU.Build.0 = Release|Any CPU
	EndGlobalSection
	GlobalSection(SolutionProperties) = preSolution
		HideSolutionNode = FALSE
	EndGlobalSection
	GlobalSection(ExtensibilityGlobals) = postSolution
		SolutionGuid = {59C55E81-AB71-483D-B6FA-5B3C9F24202B}
	EndGlobalSection
EndGlobal
