
Microsoft Visual Studio Solution File, Format Version 12.00
# Visual Studio Version 17
VisualStudioVersion = 17.11.35431.28
MinimumVisualStudioVersion = 10.0.40219.1
Project("{FAE04EC0-301F-11D3-BF4B-00C04F79EFBC}") = "Exercicio1C#", "Exercicio1C#.csproj", "{EC42496B-EBA0-42F3-A975-23064355185D}"
EndProject
Global
	GlobalSection(SolutionConfigurationPlatforms) = preSolution
		Debug|Any CPU = Debug|Any CPU
		Release|Any CPU = Release|Any CPU
	EndGlobalSection
	GlobalSection(ProjectConfigurationPlatforms) = postSolution
		{EC42496B-EBA0-42F3-A975-23064355185D}.Debug|Any CPU.ActiveCfg = Debug|Any CPU
		{EC42496B-EBA0-42F3-A975-23064355185D}.Debug|Any CPU.Build.0 = Debug|Any CPU
		{EC42496B-EBA0-42F3-A975-23064355185D}.Release|Any CPU.ActiveCfg = Release|Any CPU
		{EC42496B-EBA0-42F3-A975-23064355185D}.Release|Any CPU.Build.0 = Release|Any CPU
	EndGlobalSection
	GlobalSection(SolutionProperties) = preSolution
		HideSolutionNode = FALSE
	EndGlobalSection
	GlobalSection(ExtensibilityGlobals) = postSolution
		SolutionGuid = {476F85B5-484D-4C97-8A73-91CFB788A0C2}
	EndGlobalSection
EndGlobal
